
Microsoft Visual Studio Solution File, Format Version 12.00
# Visual Studio Version 17
VisualStudioVersion = 17.2.32630.192
MinimumVisualStudioVersion = 10.0.40219.1
Project("{FAE04EC0-301F-11D3-BF4B-00C04F79EFBC}") = "RadioPlugin", "RadioPlugin\RadioPlugin.csproj", "{0A6E5459-43B7-4640-BBF5-14555C317788}"
EndProject
Project("{FAE04EC0-301F-11D3-BF4B-00C04F79EFBC}") = "RadioOrganizer", "RadioOrganizer\RadioOrganizer.csproj", "{57347405-7263-466F-AD54-DEF63CA0BE05}"
EndProject
Global
	GlobalSection(SolutionConfigurationPlatforms) = preSolution
		Debug|Any CPU = Debug|Any CPU
		Release|Any CPU = Release|Any CPU
	EndGlobalSection
	GlobalSection(ProjectConfigurationPlatforms) = postSolution
		{0A6E5459-43B7-4640-BBF5-14555C317788}.Debug|Any CPU.ActiveCfg = Debug|Any CPU
		{0A6E5459-43B7-4640-BBF5-14555C317788}.Debug|Any CPU.Build.0 = Debug|Any CPU
		{0A6E5459-43B7-4640-BBF5-14555C317788}.Release|Any CPU.ActiveCfg = Release|Any CPU
		{0A6E5459-43B7-4640-BBF5-14555C317788}.Release|Any CPU.Build.0 = Release|Any CPU
		{57347405-7263-466F-AD54-DEF63CA0BE05}.Debug|Any CPU.ActiveCfg = Debug|Any CPU
		{57347405-7263-466F-AD54-DEF63CA0BE05}.Debug|Any CPU.Build.0 = Debug|Any CPU
		{57347405-7263-466F-AD54-DEF63CA0BE05}.Release|Any CPU.ActiveCfg = Release|Any CPU
		{57347405-7263-466F-AD54-DEF63CA0BE05}.Release|Any CPU.Build.0 = Release|Any CPU
	EndGlobalSection
	GlobalSection(SolutionProperties) = preSolution
		HideSolutionNode = FALSE
	EndGlobalSection
	GlobalSection(ExtensibilityGlobals) = postSolution
		SolutionGuid = {72696DBE-4448-49BE-8E26-A842DB1AD3E3}
	EndGlobalSection
EndGlobal
